{
  "name": "tableau-extensions-tutorial-part-two",
  "version": "1.0.0",
  "lockfileVersion": 3,
  "requires": true,
  "packages": {
    "": {
      "name": "tableau-extensions-tutorial-part-two",
      "version": "1.0.0",
      "license": "MIT",
      "dependencies": {
        "bootstrap": "^5.2.3",
        "chart.js": "^4.1.1",
        "jquery": "^3.6.3"
      }
    },
    "node_modules/@kurkle/color": {
      "version": "0.3.1",
      "resolved": "https://registry.npmjs.org/@kurkle/color/-/color-0.3.1.tgz",
      "integrity": "sha512-hW0GwZj06z/ZFUW2Espl7toVDjghJN+EKqyXzPSV8NV89d5BYp5rRMBJoc+aUN0x5OXDMeRQHazejr2Xmqj2tw=="
    },
    "node_modules/@popperjs/core": {
      "version": "2.11.6",
      "resolved": "https://registry.npmjs.org/@popperjs/core/-/core-2.11.6.tgz",
      "integrity": "sha512-50/17A98tWUfQ176raKiOGXuYpLyyVMkxxG6oylzL3BPOlA6ADGdK7EYunSa4I064xerltq9TGXs8HmOk5E+vw==",
      "peer": true,
      "funding": {
        "type": "opencollective",
        "url": "https://opencollective.com/popperjs"
      }
    },
    "node_modules/bootstrap": {
      "version": "5.2.3",
      "resolved": "https://registry.npmjs.org/bootstrap/-/bootstrap-5.2.3.tgz",
      "integrity": "sha512-cEKPM+fwb3cT8NzQZYEu4HilJ3anCrWqh3CHAok1p9jXqMPsPTBhU25fBckEJHJ/p+tTxTFTsFQGM+gaHpi3QQ==",
      "funding": [
        {
          "type": "github",
          "url": "https://github.com/sponsors/twbs"
        },
        {
          "type": "opencollective",
          "url": "https://opencollective.com/bootstrap"
        }
      ],
      "peerDependencies": {
        "@popperjs/core": "^2.11.6"
      }
    },
    "node_modules/chart.js": {
      "version": "4.1.1",
      "resolved": "https://registry.npmjs.org/chart.js/-/chart.js-4.1.1.tgz",
      "integrity": "sha512-P0pCosNXp+LR8zO/QTkZKT6Hb7p0DPFtypEeVOf+6x06hX13NIb75R0DXUA4Ksx/+48chDQKtCCmRCviQRTqsA==",
      "dependencies": {
        "@kurkle/color": "^0.3.0"
      },
      "engines": {
        "pnpm": "^7.0.0"
      }
    },
    "node_modules/jquery": {
      "version": "3.6.3",
      "resolved": "https://registry.npmjs.org/jquery/-/jquery-3.6.3.tgz",
      "integrity": "sha512-bZ5Sy3YzKo9Fyc8wH2iIQK4JImJ6R0GWI9kL1/k7Z91ZBNgkRXE6U0JfHIizZbort8ZunhSI3jw9I6253ahKfg=="
    }
  }
}
